{
  "name": "logging",
  "lockfileVersion": 2,
  "requires": true,
  "packages": {
    "": {
      "devDependencies": {
        "user-agent-data-types": "^0.3.0"
      }
    },
    "node_modules/user-agent-data-types": {
      "version": "0.3.0",
      "resolved": "https://registry.npmjs.org/user-agent-data-types/-/user-agent-data-types-0.3.0.tgz",
      "integrity": "sha512-AI3vPwmafXd4r/mSbubOu6S1ngO4vdvJFAJdP0MUc9Y4SwXm/Pqpno0R/O4Zt26vZYzWorV+4BgVcntxhJlMPw==",
      "dev": true
    }
  },
  "dependencies": {
    "user-agent-data-types": {
      "version": "0.3.0",
      "resolved": "https://registry.npmjs.org/user-agent-data-types/-/user-agent-data-types-0.3.0.tgz",
      "integrity": "sha512-AI3vPwmafXd4r/mSbubOu6S1ngO4vdvJFAJdP0MUc9Y4SwXm/Pqpno0R/O4Zt26vZYzWorV+4BgVcntxhJlMPw==",
      "dev": true
    }
  }
}
